github.com/MatthiasKunnen/go-wayland/wayland v0.2.0 h1:ESO3CXjJic5pUgW/N4MuA4Y/f8mm1fEuiYr7Xa7UHVw=
github.com/MatthiasKunnen/go-wayland/wayland v0.2.0/go.mod h1:3yGoEytH/pY4fbl5ZlW/oBGUJ/JL7B3tMvwPvpJKYmY=
github.com/godbus/dbus/v5 v5.1.0 h1:4KLkAxT3aOY8Li4FRJe/KvhoNFFxo0m6fNuFUO8QJUk=
github.com/godbus/dbus/v5 v5.1.0/go.mod h1:xhWf0FNVPg57R7Z0UbKHbJfkEywrmjJnf7w5xrFpKfA=
golang.org/x/sys v0.29.0 h1:TPYlXGxvx1MGTn2GiZDhnjPA9wZzZeGKHHmKhHYvgaU=
golang.org/x/sys v0.29.0/go.mod h1:/VUhepiaJMQUp4+oa/7Zr1D23ma6VTLIYjOOTFZPUcA=
